
Microsoft Visual Studio Solution File, Format Version 12.00
# Visual Studio Version 16
VisualStudioVersion = 16.0.30114.105
MinimumVisualStudioVersion = 10.0.40219.1
Project("{FAE04EC0-301F-11D3-BF4B-00C04F79EFBC}") = "API", "API\API.csproj", "{E0C33964-2462-4762-8AE4-59151A3501D2}"
EndProject
Project("{FAE04EC0-301F-11D3-BF4B-00C04F79EFBC}") = "Application", "Application\Application.csproj", "{97CA0541-5E68-4AF6-9C1E-A0926EB522F4}"
EndProject
Project("{FAE04EC0-301F-11D3-BF4B-00C04F79EFBC}") = "Domain", "Domain\Domain.csproj", "{A4E236BA-AE6E-43F4-BBD5-5F46486EC780}"
EndProject
Project("{FAE04EC0-301F-11D3-BF4B-00C04F79EFBC}") = "Persistence", "Persistence\Persistence.csproj", "{EF51E2DF-48DE-40A3-AD82-1E6973B4CB4B}"
EndProject
Global
	GlobalSection(SolutionConfigurationPlatforms) = preSolution
		Debug|Any CPU = Debug|Any CPU
		Release|Any CPU = Release|Any CPU
	EndGlobalSection
	GlobalSection(SolutionProperties) = preSolution
		HideSolutionNode = FALSE
	EndGlobalSection
	GlobalSection(ProjectConfigurationPlatforms) = postSolution
		{E0C33964-2462-4762-8AE4-59151A3501D2}.Debug|Any CPU.ActiveCfg = Debug|Any CPU
		{E0C33964-2462-4762-8AE4-59151A3501D2}.Debug|Any CPU.Build.0 = Debug|Any CPU
		{E0C33964-2462-4762-8AE4-59151A3501D2}.Release|Any CPU.ActiveCfg = Release|Any CPU
		{E0C33964-2462-4762-8AE4-59151A3501D2}.Release|Any CPU.Build.0 = Release|Any CPU
		{97CA0541-5E68-4AF6-9C1E-A0926EB522F4}.Debug|Any CPU.ActiveCfg = Debug|Any CPU
		{97CA0541-5E68-4AF6-9C1E-A0926EB522F4}.Debug|Any CPU.Build.0 = Debug|Any CPU
		{97CA0541-5E68-4AF6-9C1E-A0926EB522F4}.Release|Any CPU.ActiveCfg = Release|Any CPU
		{97CA0541-5E68-4AF6-9C1E-A0926EB522F4}.Release|Any CPU.Build.0 = Release|Any CPU
		{A4E236BA-AE6E-43F4-BBD5-5F46486EC780}.Debug|Any CPU.ActiveCfg = Debug|Any CPU
		{A4E236BA-AE6E-43F4-BBD5-5F46486EC780}.Debug|Any CPU.Build.0 = Debug|Any CPU
		{A4E236BA-AE6E-43F4-BBD5-5F46486EC780}.Release|Any CPU.ActiveCfg = Release|Any CPU
		{A4E236BA-AE6E-43F4-BBD5-5F46486EC780}.Release|Any CPU.Build.0 = Release|Any CPU
		{EF51E2DF-48DE-40A3-AD82-1E6973B4CB4B}.Debug|Any CPU.ActiveCfg = Debug|Any CPU
		{EF51E2DF-48DE-40A3-AD82-1E6973B4CB4B}.Debug|Any CPU.Build.0 = Debug|Any CPU
		{EF51E2DF-48DE-40A3-AD82-1E6973B4CB4B}.Release|Any CPU.ActiveCfg = Release|Any CPU
		{EF51E2DF-48DE-40A3-AD82-1E6973B4CB4B}.Release|Any CPU.Build.0 = Release|Any CPU
	EndGlobalSection
EndGlobal
